
Microsoft Visual Studio Solution File, Format Version 12.00
# Visual Studio 15
VisualStudioVersion = 15.0.27428.2015
MinimumVisualStudioVersion = 10.0.40219.1
Project("{F2A71F9B-5D33-465A-A702-920D77279786}") = "hellow", "hellow.fsproj", "{937B9292-1F23-499B-A505-6A152B805D4D}"
EndProject
Project("{2150E333-8FDC-42A3-9474-1A3956D46DE8}") = "build", "build", "{2D78EF82-E7B7-49DC-9DD8-F4615FF8ABBC}"
	ProjectSection(SolutionItems) = preProject
		..\paket.dependencies = ..\paket.dependencies
	EndProjectSection
EndProject
Global
	GlobalSection(SolutionConfigurationPlatforms) = preSolution
		Debug|Any CPU = Debug|Any CPU
		Release|Any CPU = Release|Any CPU
	EndGlobalSection
	GlobalSection(ProjectConfigurationPlatforms) = postSolution
		{937B9292-1F23-499B-A505-6A152B805D4D}.Debug|Any CPU.ActiveCfg = Debug|Any CPU
		{937B9292-1F23-499B-A505-6A152B805D4D}.Debug|Any CPU.Build.0 = Debug|Any CPU
		{937B9292-1F23-499B-A505-6A152B805D4D}.Release|Any CPU.ActiveCfg = Release|Any CPU
		{937B9292-1F23-499B-A505-6A152B805D4D}.Release|Any CPU.Build.0 = Release|Any CPU
	EndGlobalSection
	GlobalSection(SolutionProperties) = preSolution
		HideSolutionNode = FALSE
	EndGlobalSection
	GlobalSection(ExtensibilityGlobals) = postSolution
		SolutionGuid = {7BA2C805-4BC0-44E1-8B31-228182C23FB9}
	EndGlobalSection
EndGlobal
